
Microsoft Visual Studio Solution File, Format Version 12.00
# Visual Studio Version 16
VisualStudioVersion = 16.0.30709.132
MinimumVisualStudioVersion = 10.0.40219.1
Project("{8BC9CEB8-8B4A-11D0-8D11-00A0C91BC942}") = "Console_TXT_Editor", "Console_TXT_Editor\Console_TXT_Editor.vcxproj", "{57E57FA5-1C95-4967-9CB1-FBB1E2BD0B20}"
EndProject
Global
	GlobalSection(SolutionConfigurationPlatforms) = preSolution
		Debug|x64 = Debug|x64
		Debug|x86 = Debug|x86
		Release|x64 = Release|x64
		Release|x86 = Release|x86
	EndGlobalSection
	GlobalSection(ProjectConfigurationPlatforms) = postSolution
		{57E57FA5-1C95-4967-9CB1-FBB1E2BD0B20}.Debug|x64.ActiveCfg = Debug|x64
		{57E57FA5-1C95-4967-9CB1-FBB1E2BD0B20}.Debug|x64.Build.0 = Debug|x64
		{57E57FA5-1C95-4967-9CB1-FBB1E2BD0B20}.Debug|x86.ActiveCfg = Debug|Win32
		{57E57FA5-1C95-4967-9CB1-FBB1E2BD0B20}.Debug|x86.Build.0 = Debug|Win32
		{57E57FA5-1C95-4967-9CB1-FBB1E2BD0B20}.Release|x64.ActiveCfg = Release|x64
		{57E57FA5-1C95-4967-9CB1-FBB1E2BD0B20}.Release|x64.Build.0 = Release|x64
		{57E57FA5-1C95-4967-9CB1-FBB1E2BD0B20}.Release|x86.ActiveCfg = Release|Win32
		{57E57FA5-1C95-4967-9CB1-FBB1E2BD0B20}.Release|x86.Build.0 = Release|Win32
	EndGlobalSection
	GlobalSection(SolutionProperties) = preSolution
		HideSolutionNode = FALSE
	EndGlobalSection
	GlobalSection(ExtensibilityGlobals) = postSolution
		SolutionGuid = {291EE553-61B1-4DDF-97B2-E9AE18674E57}
	EndGlobalSection
EndGlobal
